
Microsoft Visual Studio Solution File, Format Version 12.00
# Visual Studio Version 17
VisualStudioVersion = 17.6.33829.357
MinimumVisualStudioVersion = 10.0.40219.1
Project("{9A19103F-16F7-4668-BE54-9A1E7A4F7556}") = "Optimize Lite", "Optimize Lite\Optimize Lite.csproj", "{657E642F-FDB5-49E7-9391-E008D6A46032}"
EndProject
Project("{FAE04EC0-301F-11D3-BF4B-00C04F79EFBC}") = "tools", "tools\tools.csproj", "{3A2D89FF-B4B4-43F1-81DF-696AFA259535}"
EndProject
Global
	GlobalSection(SolutionConfigurationPlatforms) = preSolution
		Debug|Any CPU = Debug|Any CPU
		me|Any CPU = me|Any CPU
		Release|Any CPU = Release|Any CPU
	EndGlobalSection
	GlobalSection(ProjectConfigurationPlatforms) = postSolution
		{657E642F-FDB5-49E7-9391-E008D6A46032}.Debug|Any CPU.ActiveCfg = Debug|Any CPU
		{657E642F-FDB5-49E7-9391-E008D6A46032}.Debug|Any CPU.Build.0 = Debug|Any CPU
		{657E642F-FDB5-49E7-9391-E008D6A46032}.me|Any CPU.ActiveCfg = me|Any CPU
		{657E642F-FDB5-49E7-9391-E008D6A46032}.me|Any CPU.Build.0 = me|Any CPU
		{657E642F-FDB5-49E7-9391-E008D6A46032}.Release|Any CPU.ActiveCfg = Release|Any CPU
		{657E642F-FDB5-49E7-9391-E008D6A46032}.Release|Any CPU.Build.0 = Release|Any CPU
		{3A2D89FF-B4B4-43F1-81DF-696AFA259535}.Debug|Any CPU.ActiveCfg = Debug|Any CPU
		{3A2D89FF-B4B4-43F1-81DF-696AFA259535}.Debug|Any CPU.Build.0 = Debug|Any CPU
		{3A2D89FF-B4B4-43F1-81DF-696AFA259535}.me|Any CPU.ActiveCfg = Debug|Any CPU
		{3A2D89FF-B4B4-43F1-81DF-696AFA259535}.me|Any CPU.Build.0 = Debug|Any CPU
		{3A2D89FF-B4B4-43F1-81DF-696AFA259535}.Release|Any CPU.ActiveCfg = Release|Any CPU
		{3A2D89FF-B4B4-43F1-81DF-696AFA259535}.Release|Any CPU.Build.0 = Release|Any CPU
	EndGlobalSection
	GlobalSection(SolutionProperties) = preSolution
		HideSolutionNode = FALSE
	EndGlobalSection
	GlobalSection(ExtensibilityGlobals) = postSolution
		SolutionGuid = {D15B7967-A885-41F4-8CF4-8B46AB00FDE6}
	EndGlobalSection
EndGlobal
